# This file is automatically generated. Do not edit.
# Run "flutter pub get" to regenerate
SDKS:
  Dart: ">=3.3.0 <4.0.0"
  Flutter: ">=3.22.0"
packages:
  flutter_polyline_points:
    dependency: "direct main"
    description:
      name: flutter_polyline_points
      url: "https://pub.dev"
    source: hosted
    version: "2.1.0"
  geolocator:
    dependency: "direct main"
    description:
      name: geolocator
      url: "https://pub.dev"
    source: hosted
    version: "11.0.0"
  google_maps_flutter:
    dependency: "direct main"
    description:
      name: google_maps_flutter
      url: "https://pub.dev"
    source: hosted
    version: "2.7.0"
  google_maps_flutter_android:
    dependency: transitive
    description:
      name: google_maps_flutter_android
      url: "https://pub.dev"
    source: hosted
    version: "2.8.0"
  google_maps_flutter_platform_interface:
    dependency: transitive
    description:
      name: google_maps_flutter_platform_interface
      url: "https://pub.dev"
    source: hosted
    version: "2.11.0"
  http:
    dependency: "direct main"
    description:
      name: http
      url: "https://pub.dev"
    source: hosted
    version: "1.2.2"
  provider:
    dependency: "direct main"
    description:
      name: provider
      url: "https://pub.dev"
    source: hosted
    version: "6.1.2"
  shared_preferences:
    dependency: "direct main"
    description:
      name: shared_preferences
      url: "https://pub.dev"
    source: hosted
    version: "2.2.3"
